github.com/ninetypercentlanguage/misc v0.1.0 h1:q21B4qarozb6Ug93D/T2tsct3k7Mof33sIsdgZlc+S4=
github.com/ninetypercentlanguage/misc v0.1.0/go.mod h1:5OI31u+XP9dl+O7XtDPvlTn8wnKeyN4888HX0jhiwfo=
github.com/ninetypercentlanguage/word-utils v0.1.1 h1:JBGcG44THX/9uhMCK6EysS/HtjTcyq981Lo7S3bE7KE=
github.com/ninetypercentlanguage/word-utils v0.1.1/go.mod h1:wKXBDU+7XCf9UHSTqoGmBU3I67g11RF4lgiz50d7UsA=
